
Microsoft Visual Studio Solution File, Format Version 12.00
# Visual Studio 14
VisualStudioVersion = 14.0.24720.0
MinimumVisualStudioVersion = 10.0.40219.1
Project("{FAE04EC0-301F-11D3-BF4B-00C04F79EFBC}") = "MiddagsVelger", "MiddagsVelger.csproj", "{BBBBD5A8-728B-469C-8F75-8831BF2AA5AB}"
EndProject
Global
	GlobalSection(SolutionConfigurationPlatforms) = preSolution
		Debug|Any CPU = Debug|Any CPU
		Release|Any CPU = Release|Any CPU
	EndGlobalSection
	GlobalSection(ProjectConfigurationPlatforms) = postSolution
		{BBBBD5A8-728B-469C-8F75-8831BF2AA5AB}.Debug|Any CPU.ActiveCfg = Debug|Any CPU
		{BBBBD5A8-728B-469C-8F75-8831BF2AA5AB}.Debug|Any CPU.Build.0 = Debug|Any CPU
		{BBBBD5A8-728B-469C-8F75-8831BF2AA5AB}.Release|Any CPU.ActiveCfg = Release|Any CPU
		{BBBBD5A8-728B-469C-8F75-8831BF2AA5AB}.Release|Any CPU.Build.0 = Release|Any CPU
	EndGlobalSection
	GlobalSection(SolutionProperties) = preSolution
		HideSolutionNode = FALSE
	EndGlobalSection
EndGlobal
